
Microsoft Visual Studio Solution File, Format Version 12.00
# Visual Studio Version 17
VisualStudioVersion = 17.7.34024.191
MinimumVisualStudioVersion = 10.0.40219.1
Project("{FAE04EC0-301F-11D3-BF4B-00C04F79EFBC}") = "N11310002", "N11310002\N11310002.csproj", "{FE29CE50-04BD-4B1D-9075-9F9F7EA0C77F}"
EndProject
Global
	GlobalSection(SolutionConfigurationPlatforms) = preSolution
		Debug|Any CPU = Debug|Any CPU
		Release|Any CPU = Release|Any CPU
	EndGlobalSection
	GlobalSection(ProjectConfigurationPlatforms) = postSolution
		{FE29CE50-04BD-4B1D-9075-9F9F7EA0C77F}.Debug|Any CPU.ActiveCfg = Debug|Any CPU
		{FE29CE50-04BD-4B1D-9075-9F9F7EA0C77F}.Debug|Any CPU.Build.0 = Debug|Any CPU
		{FE29CE50-04BD-4B1D-9075-9F9F7EA0C77F}.Release|Any CPU.ActiveCfg = Release|Any CPU
		{FE29CE50-04BD-4B1D-9075-9F9F7EA0C77F}.Release|Any CPU.Build.0 = Release|Any CPU
	EndGlobalSection
	GlobalSection(SolutionProperties) = preSolution
		HideSolutionNode = FALSE
	EndGlobalSection
	GlobalSection(ExtensibilityGlobals) = postSolution
		SolutionGuid = {232BDF67-7773-4EF6-8D4E-0A54DEFD4481}
	EndGlobalSection
EndGlobal
